
Microsoft Visual Studio Solution File, Format Version 12.00
# Visual Studio Version 16
VisualStudioVersion = 16.0.31112.23
MinimumVisualStudioVersion = 10.0.40219.1
Project("{FAE04EC0-301F-11D3-BF4B-00C04F79EFBC}") = "Testing", "Testing\Testing.csproj", "{23AE2AE6-200F-480F-A4D3-420ABE2EA687}"
EndProject
Project("{FAE04EC0-301F-11D3-BF4B-00C04F79EFBC}") = "UnitTestProject2", "UnitTestProject2\UnitTestProject2.csproj", "{821D34CF-AEBB-4732-B7CA-7257FFCEC6A8}"
EndProject
Global
	GlobalSection(SolutionConfigurationPlatforms) = preSolution
		Debug|Any CPU = Debug|Any CPU
		Release|Any CPU = Release|Any CPU
	EndGlobalSection
	GlobalSection(ProjectConfigurationPlatforms) = postSolution
		{23AE2AE6-200F-480F-A4D3-420ABE2EA687}.Debug|Any CPU.ActiveCfg = Debug|Any CPU
		{23AE2AE6-200F-480F-A4D3-420ABE2EA687}.Debug|Any CPU.Build.0 = Debug|Any CPU
		{23AE2AE6-200F-480F-A4D3-420ABE2EA687}.Release|Any CPU.ActiveCfg = Release|Any CPU
		{23AE2AE6-200F-480F-A4D3-420ABE2EA687}.Release|Any CPU.Build.0 = Release|Any CPU
		{821D34CF-AEBB-4732-B7CA-7257FFCEC6A8}.Debug|Any CPU.ActiveCfg = Debug|Any CPU
		{821D34CF-AEBB-4732-B7CA-7257FFCEC6A8}.Debug|Any CPU.Build.0 = Debug|Any CPU
		{821D34CF-AEBB-4732-B7CA-7257FFCEC6A8}.Release|Any CPU.ActiveCfg = Release|Any CPU
		{821D34CF-AEBB-4732-B7CA-7257FFCEC6A8}.Release|Any CPU.Build.0 = Release|Any CPU
	EndGlobalSection
	GlobalSection(SolutionProperties) = preSolution
		HideSolutionNode = FALSE
	EndGlobalSection
	GlobalSection(ExtensibilityGlobals) = postSolution
		SolutionGuid = {C4761D39-5B95-4709-BEE7-0996E1FBE651}
	EndGlobalSection
EndGlobal
